PODS:
  - Flutter (1.0.0)
  - flutter_unity (0.1.0):
    - Flutter

DEPENDENCIES:
  - Flutter (from `Flutter`)
  - flutter_unity (from `.symlinks/plugins/flutter_unity/ios`)

EXTERNAL SOURCES:
  Flutter:
    :path: Flutter
  flutter_unity:
    :path: ".symlinks/plugins/flutter_unity/ios"

SPEC CHECKSUMS:
  Flutter: 434fef37c0980e73bb6479ef766c45957d4b510c
  flutter_unity: 79f31b75e4703a976857eee088d02fb03e1a38eb

PODFILE CHECKSUM: 982d98631411e5a9015d34e4948ef84b95878c42

COCOAPODS: 1.10.1
