PODS:
  - Flutter (1.0.0)
  - flutter_unity (1.1.0):
    - Flutter

DEPENDENCIES:
  - Flutter (from `Flutter`)
  - flutter_unity (from `.symlinks/plugins/flutter_unity/ios`)

EXTERNAL SOURCES:
  Flutter:
    :path: Flutter
  flutter_unity:
    :path: ".symlinks/plugins/flutter_unity/ios"

SPEC CHECKSUMS:
  Flutter: 434fef37c0980e73bb6479ef766c45957d4b510c
  flutter_unity: 664bb6fded271fa853f80335e6886fc7db8ade6f

PODFILE CHECKSUM: a7ae99ad71c6c60657e7ec9f9469f63e7a0b816d

COCOAPODS: 1.10.1
