PODS:
  - Flutter (1.0.0)
  - flutter_unity (1.1.0):
    - Flutter

DEPENDENCIES:
  - Flutter (from `Flutter`)
  - flutter_unity (from `.symlinks/plugins/flutter_unity/ios`)

EXTERNAL SOURCES:
  Flutter:
    :path: Flutter
  flutter_unity:
    :path: ".symlinks/plugins/flutter_unity/ios"

SPEC CHECKSUMS:
  Flutter: 50d75fe2f02b26cc09d224853bb45737f8b3214a
  flutter_unity: 664bb6fded271fa853f80335e6886fc7db8ade6f

PODFILE CHECKSUM: abe0caa763011976590f4087f67c429e372fb3ab

COCOAPODS: 1.11.2
